
Microsoft Visual Studio Solution File, Format Version 12.00
# Visual Studio Version 17
VisualStudioVersion = 17.7.34031.279
MinimumVisualStudioVersion = 10.0.40219.1
Project("{888888A0-9F3D-457C-B088-3A5042F75D52}") = "FastMenu.Front", "src\FastMenu.Front\FastMenu.Front.pyproj", "{B4CE55AB-FD53-45EE-8818-6CCE6DA71C87}"
EndProject
Project("{2150E333-8FDC-42A3-9474-1A3956D46DE8}") = "src", "src", "{6F27C4F4-FF37-4F38-89A5-510545058A9D}"
EndProject
Global
	GlobalSection(SolutionConfigurationPlatforms) = preSolution
		Debug|Any CPU = Debug|Any CPU
		Release|Any CPU = Release|Any CPU
	EndGlobalSection
	GlobalSection(ProjectConfigurationPlatforms) = postSolution
		{B4CE55AB-FD53-45EE-8818-6CCE6DA71C87}.Debug|Any CPU.ActiveCfg = Debug|Any CPU
		{B4CE55AB-FD53-45EE-8818-6CCE6DA71C87}.Debug|Any CPU.Build.0 = Debug|Any CPU
		{B4CE55AB-FD53-45EE-8818-6CCE6DA71C87}.Release|Any CPU.ActiveCfg = Release|Any CPU
		{B4CE55AB-FD53-45EE-8818-6CCE6DA71C87}.Release|Any CPU.Build.0 = Release|Any CPU
	EndGlobalSection
	GlobalSection(SolutionProperties) = preSolution
		HideSolutionNode = FALSE
	EndGlobalSection
	GlobalSection(NestedProjects) = preSolution
		{B4CE55AB-FD53-45EE-8818-6CCE6DA71C87} = {6F27C4F4-FF37-4F38-89A5-510545058A9D}
	EndGlobalSection
	GlobalSection(ExtensibilityGlobals) = postSolution
		SolutionGuid = {D173FE8C-16C6-437E-8144-1D2233B297CB}
	EndGlobalSection
EndGlobal
